{
  "name": "islandGenerator",
  "lockfileVersion": 3,
  "requires": true,
  "packages": {
    "": {
      "dependencies": {
        "fastnoise-lite": "^1.1.1"
      }
    },
    "node_modules/fastnoise-lite": {
      "version": "1.1.1",
      "resolved": "https://registry.npmjs.org/fastnoise-lite/-/fastnoise-lite-1.1.1.tgz",
      "integrity": "sha512-3XEk16gmVq1HUL0+BdoR+/wD/tfB6VQjpliqQ7rSSE2omh23wrJGidQ5Mfr4mECCUtBGtcEov44BGIyVqs+U4w==",
      "license": "MIT"
    }
  }
}
